// !$*UTF8*$!
{
	archiveVersion = 1;
	classes = {
	};
	objectVersion = 46;
	objects = {

/* Begin PBXBuildFile section */
		A127ADBD1D00DA9D00DA16DD /* AppDelegate.swift in Sources */ = {isa = PBXBuildFile; fileRef = A127ADBC1D00DA9D00DA16DD /* AppDelegate.swift */; };
		A127ADBF1D00DA9D00DA16DD /* ViewController.swift in Sources */ = {isa = PBXBuildFile; fileRef = A127ADBE1D00DA9D00DA16DD /* ViewController.swift */; };
		A127ADC51D00DA9D00DA16DD /* pokemonTwo.xcdatamodeld in Sources */ = {isa = PBXBuildFile; fileRef = A127ADC31D00DA9D00DA16DD /* pokemonTwo.xcdatamodeld */; };
		A127ADC71D00DA9D00DA16DD /* Assets.xcassets in Resources */ = {isa = PBXBuildFile; fileRef = A127ADC61D00DA9D00DA16DD /* Assets.xcassets */; };
		A127ADCA1D00DA9D00DA16DD /* LaunchScreen.storyboard in Resources */ = {isa = PBXBuildFile; fileRef = A127ADC81D00DA9D00DA16DD /* LaunchScreen.storyboard */; };
		A127ADD21D00E84400DA16DD /* pokemon.csv in Resources */ = {isa = PBXBuildFile; fileRef = A127ADD11D00E84400DA16DD /* pokemon.csv */; };
		A127ADD51D00EABF00DA16DD /* Pokemon.swift in Sources */ = {isa = PBXBuildFile; fileRef = A127ADD41D00EABF00DA16DD /* Pokemon.swift */; };
		A127ADD71D00F2D500DA16DD /* PokeCell.swift in Sources */ = {isa = PBXBuildFile; fileRef = A127ADD61D00F2D500DA16DD /* PokeCell.swift */; };
		A127ADDA1D0102C000DA16DD /* csv.swift in Sources */ = {isa = PBXBuildFile; fileRef = A127ADD91D0102C000DA16DD /* csv.swift */; };
		A18966A31D01DD5A005E3DC8 /* pokemon.ttf in Resources */ = {isa = PBXBuildFile; fileRef = A18966A21D01DD5A005E3DC8 /* pokemon.ttf */; };
		A18966A51D01E0B9005E3DC8 /* music.mp3 in Resources */ = {isa = PBXBuildFile; fileRef = A18966A41D01E0B9005E3DC8 /* music.mp3 */; };
		A18966A71D01ED4A005E3DC8 /* PokemonDetailVC.swift in Sources */ = {isa = PBXBuildFile; fileRef = A18966A61D01ED4A005E3DC8 /* PokemonDetailVC.swift */; };
		A18966AA1D01F550005E3DC8 /* Main.storyboard in Resources */ = {isa = PBXBuildFile; fileRef = A18966A81D01F550005E3DC8 /* Main.storyboard */; };
		A1C905491D0233D900AC4F15 /* Constants.swift in Sources */ = {isa = PBXBuildFile; fileRef = A1C905481D0233D900AC4F15 /* Constants.swift */; };
		CA980EF48D8C3EEDCF4A7C81 /* Pods_pokemonTwo.framework in Frameworks */ = {isa = PBXBuildFile; fileRef = 2003AEB5EBE7DFF351E4F82C /* Pods_pokemonTwo.framework */; };
/* End PBXBuildFile section */

/* Begin PBXFileReference section */
		2003AEB5EBE7DFF351E4F82C /* Pods_pokemonTwo.framework */ = {isa = PBXFileReference; explicitFileType = wrapper.framework; includeInIndex = 0; path = Pods_pokemonTwo.framework; sourceTree = BUILT_PRODUCTS_DIR; };
		29776669E4CF80F23367F6CE /* Pods-pokemonTwo.release.xcconfig */ = {isa = PBXFileReference; includeInIndex = 1; lastKnownFileType = text.xcconfig; name = "Pods-pokemonTwo.release.xcconfig"; path = "Pods/Target Support Files/Pods-pokemonTwo/Pods-pokemonTwo.release.xcconfig"; sourceTree = "<group>"; };
		A127ADB91D00DA9D00DA16DD /* pokemonTwo.app */ = {isa = PBXFileReference; explicitFileType = wrapper.application; includeInIndex = 0; path = pokemonTwo.app; sourceTree = BUILT_PRODUCTS_DIR; };
		A127ADBC1D00DA9D00DA16DD /* AppDelegate.swift */ = {isa = PBXFileReference; lastKnownFileType = sourcecode.swift; path = AppDelegate.swift; sourceTree = "<group>"; };
		A127ADBE1D00DA9D00DA16DD /* ViewController.swift */ = {isa = PBXFileReference; lastKnownFileType = sourcecode.swift; path = ViewController.swift; sourceTree = "<group>"; };
		A127ADC41D00DA9D00DA16DD /* pokemonTwo.xcdatamodel */ = {isa = PBXFileReference; lastKnownFileType = wrapper.xcdatamodel; path = pokemonTwo.xcdatamodel; sourceTree = "<group>"; };
		A127ADC61D00DA9D00DA16DD /* Assets.xcassets */ = {isa = PBXFileReference; lastKnownFileType = folder.assetcatalog; path = Assets.xcassets; sourceTree = "<group>"; };
		A127ADC91D00DA9D00DA16DD /* Base */ = {isa = PBXFileReference; lastKnownFileType = file.storyboard; name = Base; path = Base.lproj/LaunchScreen.storyboard; sourceTree = "<group>"; };
		A127ADCB1D00DA9D00DA16DD /* Info.plist */ = {isa = PBXFileReference; lastKnownFileType = text.plist.xml; path = Info.plist; sourceTree = "<group>"; };
		A127ADD11D00E84400DA16DD /* pokemon.csv */ = {isa = PBXFileReference; fileEncoding = 4; lastKnownFileType = text; path = pokemon.csv; sourceTree = "<group>"; };
		A127ADD41D00EABF00DA16DD /* Pokemon.swift */ = {isa = PBXFileReference; fileEncoding = 4; lastKnownFileType = sourcecode.swift; path = Pokemon.swift; sourceTree = "<group>"; };
		A127ADD61D00F2D500DA16DD /* PokeCell.swift */ = {isa = PBXFileReference; fileEncoding = 4; lastKnownFileType = sourcecode.swift; path = PokeCell.swift; sourceTree = "<group>"; };
		A127ADD91D0102C000DA16DD /* csv.swift */ = {isa = PBXFileReference; fileEncoding = 4; lastKnownFileType = sourcecode.swift; path = csv.swift; sourceTree = "<group>"; };
		A18966A21D01DD5A005E3DC8 /* pokemon.ttf */ = {isa = PBXFileReference; lastKnownFileType = file; path = pokemon.ttf; sourceTree = "<group>"; };
		A18966A41D01E0B9005E3DC8 /* music.mp3 */ = {isa = PBXFileReference; lastKnownFileType = audio.mp3; path = music.mp3; sourceTree = "<group>"; };
		A18966A61D01ED4A005E3DC8 /* PokemonDetailVC.swift */ = {isa = PBXFileReference; fileEncoding = 4; lastKnownFileType = sourcecode.swift; path = PokemonDetailVC.swift; sourceTree = "<group>"; };
		A18966A91D01F550005E3DC8 /* Base */ = {isa = PBXFileReference; lastKnownFileType = file.storyboard; name = Base; path = Base.lproj/Main.storyboard; sourceTree = "<group>"; };
		A1C905481D0233D900AC4F15 /* Constants.swift */ = {isa = PBXFileReference; fileEncoding = 4; lastKnownFileType = sourcecode.swift; path = Constants.swift; sourceTree = "<group>"; };
		BA4AD682AB762E129D5557E1 /* Pods-pokemonTwo.debug.xcconfig */ = {isa = PBXFileReference; includeInIndex = 1; lastKnownFileType = text.xcconfig; name = "Pods-pokemonTwo.debug.xcconfig"; path = "Pods/Target Support Files/Pods-pokemonTwo/Pods-pokemonTwo.debug.xcconfig"; sourceTree = "<group>"; };
/* End PBXFileReference section */

/* Begin PBXFrameworksBuildPhase section */
		A127ADB61D00DA9D00DA16DD /* Frameworks */ = {
			isa = PBXFrameworksBuildPhase;
			buildActionMask = 2147483647;
			files = (
				CA980EF48D8C3EEDCF4A7C81 /* Pods_pokemonTwo.framework in Frameworks */,
			);
			runOnlyForDeploymentPostprocessing = 0;
		};
/* End PBXFrameworksBuildPhase section */

/* Begin PBXGroup section */
		1D7E714826F66FE7E29AEEA2 /* Pods */ = {
			isa = PBXGroup;
			children = (
				BA4AD682AB762E129D5557E1 /* Pods-pokemonTwo.debug.xcconfig */,
				29776669E4CF80F23367F6CE /* Pods-pokemonTwo.release.xcconfig */,
			);
			name = Pods;
			sourceTree = "<group>";
		};
		39EB37E5F5ECDC762E6F0BF7 /* Frameworks */ = {
			isa = PBXGroup;
			children = (
				2003AEB5EBE7DFF351E4F82C /* Pods_pokemonTwo.framework */,
			);
			name = Frameworks;
			sourceTree = "<group>";
		};
		A127ADB01D00DA9D00DA16DD = {
			isa = PBXGroup;
			children = (
				A127ADBB1D00DA9D00DA16DD /* pokemonTwo */,
				A127ADBA1D00DA9D00DA16DD /* Products */,
				1D7E714826F66FE7E29AEEA2 /* Pods */,
				39EB37E5F5ECDC762E6F0BF7 /* Frameworks */,
			);
			sourceTree = "<group>";
		};
		A127ADBA1D00DA9D00DA16DD /* Products */ = {
			isa = PBXGroup;
			children = (
				A127ADB91D00DA9D00DA16DD /* pokemonTwo.app */,
			);
			name = Products;
			sourceTree = "<group>";
		};
		A127ADBB1D00DA9D00DA16DD /* pokemonTwo */ = {
			isa = PBXGroup;
			children = (
				A127ADD31D00EA8700DA16DD /* Model */,
				A127ADD81D00F46B00DA16DD /* View */,
				A127ADDC1D0102EA00DA16DD /* Controller */,
				A127ADDB1D0102DE00DA16DD /* Util */,
				A127ADDD1D0102F700DA16DD /* Resources */,
				A127ADBC1D00DA9D00DA16DD /* AppDelegate.swift */,
				A18966A81D01F550005E3DC8 /* Main.storyboard */,
				A127ADC61D00DA9D00DA16DD /* Assets.xcassets */,
				A127ADC81D00DA9D00DA16DD /* LaunchScreen.storyboard */,
				A127ADCB1D00DA9D00DA16DD /* Info.plist */,
				A127ADC31D00DA9D00DA16DD /* pokemonTwo.xcdatamodeld */,
			);
			path = pokemonTwo;
			sourceTree = "<group>";
		};
		A127ADD31D00EA8700DA16DD /* Model */ = {
			isa = PBXGroup;
			children = (
				A127ADD41D00EABF00DA16DD /* Pokemon.swift */,
			);
			name = Model;
			sourceTree = "<group>";
		};
		A127ADD81D00F46B00DA16DD /* View */ = {
			isa = PBXGroup;
			children = (
				A127ADD61D00F2D500DA16DD /* PokeCell.swift */,
			);
			name = View;
			sourceTree = "<group>";
		};
		A127ADDB1D0102DE00DA16DD /* Util */ = {
			isa = PBXGroup;
			children = (
				A127ADD91D0102C000DA16DD /* csv.swift */,
				A1C905481D0233D900AC4F15 /* Constants.swift */,
			);
			name = Util;
			sourceTree = "<group>";
		};
		A127ADDC1D0102EA00DA16DD /* Controller */ = {
			isa = PBXGroup;
			children = (
				A127ADBE1D00DA9D00DA16DD /* ViewController.swift */,
				A18966A61D01ED4A005E3DC8 /* PokemonDetailVC.swift */,
			);
			name = Controller;
			sourceTree = "<group>";
		};
		A127ADDD1D0102F700DA16DD /* Resources */ = {
			isa = PBXGroup;
			children = (
				A127ADD11D00E84400DA16DD /* pokemon.csv */,
				A18966A21D01DD5A005E3DC8 /* pokemon.ttf */,
				A18966A41D01E0B9005E3DC8 /* music.mp3 */,
			);
			name = Resources;
			sourceTree = "<group>";
		};
/* End PBXGroup section */

/* Begin PBXNativeTarget section */
		A127ADB81D00DA9D00DA16DD /* pokemonTwo */ = {
			isa = PBXNativeTarget;
			buildConfigurationList = A127ADCE1D00DA9D00DA16DD /* Build configuration list for PBXNativeTarget "pokemonTwo" */;
			buildPhases = (
				58EDE0C32D055D8EF6144065 /* Check Pods Manifest.lock */,
				A127ADB51D00DA9D00DA16DD /* Sources */,
				A127ADB61D00DA9D00DA16DD /* Frameworks */,
				A127ADB71D00DA9D00DA16DD /* Resources */,
				B8A6A40FCEE8B5150F2B6BE6 /* Embed Pods Frameworks */,
				4DA017EEC3ED06989BC63FAB /* Copy Pods Resources */,
			);
			buildRules = (
			);
			dependencies = (
			);
			name = pokemonTwo;
			productName = pokemonTwo;
			productReference = A127ADB91D00DA9D00DA16DD /* pokemonTwo.app */;
			productType = "com.apple.product-type.application";
		};
/* End PBXNativeTarget section */

/* Begin PBXProject section */
		A127ADB11D00DA9D00DA16DD /* Project object */ = {
			isa = PBXProject;
			attributes = {
				LastSwiftUpdateCheck = 0720;
				LastUpgradeCheck = 0720;
				ORGANIZATIONNAME = "Chris Hovey";
				TargetAttributes = {
					A127ADB81D00DA9D00DA16DD = {
						CreatedOnToolsVersion = 7.2;
					};
				};
			};
			buildConfigurationList = A127ADB41D00DA9D00DA16DD /* Build configuration list for PBXProject "pokemonTwo" */;
			compatibilityVersion = "Xcode 3.2";
			developmentRegion = English;
			hasScannedForEncodings = 0;
			knownRegions = (
				en,
				Base,
			);
			mainGroup = A127ADB01D00DA9D00DA16DD;
			productRefGroup = A127ADBA1D00DA9D00DA16DD /* Products */;
			projectDirPath = "";
			projectRoot = "";
			targets = (
				A127ADB81D00DA9D00DA16DD /* pokemonTwo */,
			);
		};
/* End PBXProject section */

/* Begin PBXResourcesBuildPhase section */
		A127ADB71D00DA9D00DA16DD /* Resources */ = {
			isa = PBXResourcesBuildPhase;
			buildActionMask = 2147483647;
			files = (
				A18966A31D01DD5A005E3DC8 /* pokemon.ttf in Resources */,
				A127ADCA1D00DA9D00DA16DD /* LaunchScreen.storyboard in Resources */,
				A18966A51D01E0B9005E3DC8 /* music.mp3 in Resources */,
				A18966AA1D01F550005E3DC8 /* Main.storyboard in Resources */,
				A127ADC71D00DA9D00DA16DD /* Assets.xcassets in Resources */,
				A127ADD21D00E84400DA16DD /* pokemon.csv in Resources */,
			);
			runOnlyForDeploymentPostprocessing = 0;
		};
/* End PBXResourcesBuildPhase section */

/* Begin PBXShellScriptBuildPhase section */
		4DA017EEC3ED06989BC63FAB /* Copy Pods Resources */ = {
			isa = PBXShellScriptBuildPhase;
			buildActionMask = 2147483647;
			files = (
			);
			inputPaths = (
			);
			name = "Copy Pods Resources";
			outputPaths = (
			);
			runOnlyForDeploymentPostprocessing = 0;
			shellPath = /bin/sh;
			shellScript = "\"${SRCROOT}/Pods/Target Support Files/Pods-pokemonTwo/Pods-pokemonTwo-resources.sh\"\n";
			showEnvVarsInLog = 0;
		};
		58EDE0C32D055D8EF6144065 /* Check Pods Manifest.lock */ = {
			isa = PBXShellScriptBuildPhase;
			buildActionMask = 2147483647;
			files = (
			);
			inputPaths = (
			);
			name = "Check Pods Manifest.lock";
			outputPaths = (
			);
			runOnlyForDeploymentPostprocessing = 0;
			shellPath = /bin/sh;
			shellScript = "diff \"${PODS_ROOT}/../Podfile.lock\" \"${PODS_ROOT}/Manifest.lock\" > /dev/null\nif [[ $? != 0 ]] ; then\n    cat << EOM\nerror: The sandbox is not in sync with the Podfile.lock. Run 'pod install' or update your CocoaPods installation.\nEOM\n    exit 1\nfi\n";
			showEnvVarsInLog = 0;
		};
		B8A6A40FCEE8B5150F2B6BE6 /* Embed Pods Frameworks */ = {
			isa = PBXShellScriptBuildPhase;
			buildActionMask = 2147483647;
			files = (
			);
			inputPaths = (
			);
			name = "Embed Pods Frameworks";
			outputPaths = (
			);
			runOnlyForDeploymentPostprocessing = 0;
			shellPath = /bin/sh;
			shellScript = "\"${SRCROOT}/Pods/Target Support Files/Pods-pokemonTwo/Pods-pokemonTwo-frameworks.sh\"\n";
			showEnvVarsInLog = 0;
		};
/* End PBXShellScriptBuildPhase section */

/* Begin PBXSourcesBuildPhase section */
		A127ADB51D00DA9D00DA16DD /* Sources */ = {
			isa = PBXSourcesBuildPhase;
			buildActionMask = 2147483647;
			files = (
				A127ADDA1D0102C000DA16DD /* csv.swift in Sources */,
				A127ADC51D00DA9D00DA16DD /* pokemonTwo.xcdatamodeld in Sources */,
				A127ADD51D00EABF00DA16DD /* Pokemon.swift in Sources */,
				A127ADBF1D00DA9D00DA16DD /* ViewController.swift in Sources */,
				A18966A71D01ED4A005E3DC8 /* PokemonDetailVC.swift in Sources */,
				A127ADBD1D00DA9D00DA16DD /* AppDelegate.swift in Sources */,
				A127ADD71D00F2D500DA16DD /* PokeCell.swift in Sources */,
				A1C905491D0233D900AC4F15 /* Constants.swift in Sources */,
			);
			runOnlyForDeploymentPostprocessing = 0;
		};
/* End PBXSourcesBuildPhase section */

/* Begin PBXVariantGroup section */
		A127ADC81D00DA9D00DA16DD /* LaunchScreen.storyboard */ = {
			isa = PBXVariantGroup;
			children = (
				A127ADC91D00DA9D00DA16DD /* Base */,
			);
			name = LaunchScreen.storyboard;
			sourceTree = "<group>";
		};
		A18966A81D01F550005E3DC8 /* Main.storyboard */ = {
			isa = PBXVariantGroup;
			children = (
				A18966A91D01F550005E3DC8 /* Base */,
			);
			name = Main.storyboard;
			sourceTree = "<group>";
		};
/* End PBXVariantGroup section */

/* Begin XCBuildConfiguration section */
		A127ADCC1D00DA9D00DA16DD /* Debug */ = {
			isa = XCBuildConfiguration;
			buildSettings = {
				ALWAYS_SEARCH_USER_PATHS = NO;
				CLANG_CXX_LANGUAGE_STANDARD = "gnu++0x";
				CLANG_CXX_LIBRARY = "libc++";
				CLANG_ENABLE_MODULES = YES;
				CLANG_ENABLE_OBJC_ARC = YES;
				CLANG_WARN_BOOL_CONVERSION = YES;
				CLANG_WARN_CONSTANT_CONVERSION = YES;
				CLANG_WARN_DIRECT_OBJC_ISA_USAGE = YES_ERROR;
				CLANG_WARN_EMPTY_BODY = YES;
				CLANG_WARN_ENUM_CONVERSION = YES;
				CLANG_WARN_INT_CONVERSION = YES;
				CLANG_WARN_OBJC_ROOT_CLASS = YES_ERROR;
				CLANG_WARN_UNREACHABLE_CODE = YES;
				CLANG_WARN__DUPLICATE_METHOD_MATCH = YES;
				"CODE_SIGN_IDENTITY[sdk=iphoneos*]" = "iPhone Developer";
				COPY_PHASE_STRIP = NO;
				DEBUG_INFORMATION_FORMAT = dwarf;
				ENABLE_STRICT_OBJC_MSGSEND = YES;
				ENABLE_TESTABILITY = YES;
				GCC_C_LANGUAGE_STANDARD = gnu99;
				GCC_DYNAMIC_NO_PIC = NO;
				GCC_NO_COMMON_BLOCKS = YES;
				GCC_OPTIMIZATION_LEVEL = 0;
				GCC_PREPROCESSOR_DEFINITIONS = (
					"DEBUG=1",
					"$(inherited)",
				);
				GCC_WARN_64_TO_32_BIT_CONVERSION = YES;
				GCC_WARN_ABOUT_RETURN_TYPE = YES_ERROR;
				GCC_WARN_UNDECLARED_SELECTOR = YES;
				GCC_WARN_UNINITIALIZED_AUTOS = YES_AGGRESSIVE;
				GCC_WARN_UNUSED_FUNCTION = YES;
				GCC_WARN_UNUSED_VARIABLE = YES;
				IPHONEOS_DEPLOYMENT_TARGET = 9.2;
				MTL_ENABLE_DEBUG_INFO = YES;
				ONLY_ACTIVE_ARCH = YES;
				SDKROOT = iphoneos;
				SWIFT_OPTIMIZATION_LEVEL = "-Onone";
				TARGETED_DEVICE_FAMILY = "1,2";
			};
			name = Debug;
		};
		A127ADCD1D00DA9D00DA16DD /* Release */ = {
			isa = XCBuildConfiguration;
			buildSettings = {
				ALWAYS_SEARCH_USER_PATHS = NO;
				CLANG_CXX_LANGUAGE_STANDARD = "gnu++0x";
				CLANG_CXX_LIBRARY = "libc++";
				CLANG_ENABLE_MODULES = YES;
				CLANG_ENABLE_OBJC_ARC = YES;
				CLANG_WARN_BOOL_CONVERSION = YES;
				CLANG_WARN_CONSTANT_CONVERSION = YES;
				CLANG_WARN_DIRECT_OBJC_ISA_USAGE = YES_ERROR;
				CLANG_WARN_EMPTY_BODY = YES;
				CLANG_WARN_ENUM_CONVERSION = YES;
				CLANG_WARN_INT_CONVERSION = YES;
				CLANG_WARN_OBJC_ROOT_CLASS = YES_ERROR;
				CLANG_WARN_UNREACHABLE_CODE = YES;
				CLANG_WARN__DUPLICATE_METHOD_MATCH = YES;
				"CODE_SIGN_IDENTITY[sdk=iphoneos*]" = "iPhone Developer";
				COPY_PHASE_STRIP = NO;
				DEBUG_INFORMATION_FORMAT = "dwarf-with-dsym";
				ENABLE_NS_ASSERTIONS = NO;
				ENABLE_STRICT_OBJC_MSGSEND = YES;
				GCC_C_LANGUAGE_STANDARD = gnu99;
				GCC_NO_COMMON_BLOCKS = YES;
				GCC_WARN_64_TO_32_BIT_CONVERSION = YES;
				GCC_WARN_ABOUT_RETURN_TYPE = YES_ERROR;
				GCC_WARN_UNDECLARED_SELECTOR = YES;
				GCC_WARN_UNINITIALIZED_AUTOS = YES_AGGRESSIVE;
				GCC_WARN_UNUSED_FUNCTION = YES;
				GCC_WARN_UNUSED_VARIABLE = YES;
				IPHONEOS_DEPLOYMENT_TARGET = 9.2;
				MTL_ENABLE_DEBUG_INFO = NO;
				SDKROOT = iphoneos;
				TARGETED_DEVICE_FAMILY = "1,2";
				VALIDATE_PRODUCT = YES;
			};
			name = Release;
		};
		A127ADCF1D00DA9D00DA16DD /* Debug */ = {
			isa = XCBuildConfiguration;
			baseConfigurationReference = BA4AD682AB762E129D5557E1 /* Pods-pokemonTwo.debug.xcconfig */;
			buildSettings = {
				ASSETCATALOG_COMPILER_APPICON_NAME = AppIcon;
				INFOPLIST_FILE = pokemonTwo/Info.plist;
				LD_RUNPATH_SEARCH_PATHS = "$(inherited) @executable_path/Frameworks";
				PRODUCT_BUNDLE_IDENTIFIER = com.chrishovey.pokemonTwo;
				PRODUCT_NAME = "$(TARGET_NAME)";
			};
			name = Debug;
		};
		A127ADD01D00DA9D00DA16DD /* Release */ = {
			isa = XCBuildConfiguration;
			baseConfigurationReference = 29776669E4CF80F23367F6CE /* Pods-pokemonTwo.release.xcconfig */;
			buildSettings = {
				ASSETCATALOG_COMPILER_APPICON_NAME = AppIcon;
				INFOPLIST_FILE = pokemonTwo/Info.plist;
				LD_RUNPATH_SEARCH_PATHS = "$(inherited) @executable_path/Frameworks";
				PRODUCT_BUNDLE_IDENTIFIER = com.chrishovey.pokemonTwo;
				PRODUCT_NAME = "$(TARGET_NAME)";
			};
			name = Release;
		};
/* End XCBuildConfiguration section */

/* Begin XCConfigurationList section */
		A127ADB41D00DA9D00DA16DD /* Build configuration list for PBXProject "pokemonTwo" */ = {
			isa = XCConfigurationList;
			buildConfigurations = (
				A127ADCC1D00DA9D00DA16DD /* Debug */,
				A127ADCD1D00DA9D00DA16DD /* Release */,
			);
			defaultConfigurationIsVisible = 0;
			defaultConfigurationName = Release;
		};
		A127ADCE1D00DA9D00DA16DD /* Build configuration list for PBXNativeTarget "pokemonTwo" */ = {
			isa = XCConfigurationList;
			buildConfigurations = (
				A127ADCF1D00DA9D00DA16DD /* Debug */,
				A127ADD01D00DA9D00DA16DD /* Release */,
			);
			defaultConfigurationIsVisible = 0;
			defaultConfigurationName = Release;
		};
/* End XCConfigurationList section */

/* Begin XCVersionGroup section */
		A127ADC31D00DA9D00DA16DD /* pokemonTwo.xcdatamodeld */ = {
			isa = XCVersionGroup;
			children = (
				A127ADC41D00DA9D00DA16DD /* pokemonTwo.xcdatamodel */,
			);
			currentVersion = A127ADC41D00DA9D00DA16DD /* pokemonTwo.xcdatamodel */;
			path = pokemonTwo.xcdatamodeld;
			sourceTree = "<group>";
			versionGroupType = wrapper.xcdatamodel;
		};
/* End XCVersionGroup section */
	};
	rootObject = A127ADB11D00DA9D00DA16DD /* Project object */;
}
